
Microsoft Visual Studio Solution File, Format Version 12.00
Project("{FAE04EC0-301F-11D3-BF4B-00C04F79EFBC}") = "KufarNotification", "KufarNotification\KufarNotification.csproj", "{64600ADB-75D5-4BE8-A35F-0E91BA9EF306}"
EndProject
Global
	GlobalSection(SolutionConfigurationPlatforms) = preSolution
		Debug|Any CPU = Debug|Any CPU
		Release|Any CPU = Release|Any CPU
	EndGlobalSection
	GlobalSection(ProjectConfigurationPlatforms) = postSolution
		{64600ADB-75D5-4BE8-A35F-0E91BA9EF306}.Debug|Any CPU.ActiveCfg = Debug|Any CPU
		{64600ADB-75D5-4BE8-A35F-0E91BA9EF306}.Debug|Any CPU.Build.0 = Debug|Any CPU
		{64600ADB-75D5-4BE8-A35F-0E91BA9EF306}.Release|Any CPU.ActiveCfg = Release|Any CPU
		{64600ADB-75D5-4BE8-A35F-0E91BA9EF306}.Release|Any CPU.Build.0 = Release|Any CPU
	EndGlobalSection
EndGlobal
